{
  "name": "artswipe3",
  "requires": true,
  "lockfileVersion": 1,
  "dependencies": {
    "hammerjs": {
      "version": "2.0.8",
      "resolved": "https://registry.npmjs.org/hammerjs/-/hammerjs-2.0.8.tgz",
      "integrity": "sha1-BO93hiz/K7edMPdpIJWTAiK/YPE="
    },
    "jquery-jcrop": {
      "version": "0.9.13",
      "resolved": "https://registry.npmjs.org/jquery-jcrop/-/jquery-jcrop-0.9.13.tgz",
      "integrity": "sha1-zajJVX//xWVAAIzHtikaDsQHG/U="
    }
  }
}
