# THIS IS AN AUTOGENERATED FILE. DO NOT EDIT THIS FILE DIRECTLY.
# yarn lockfile v1


bootstrap@next:
  version "4.0.0-beta"
  resolved "https://registry.yarnpkg.com/bootstrap/-/bootstrap-4.0.0-beta.tgz#dc5928175d2e71310bc668cf9e05a907211b72a6"

jquery-jcrop@^0.9.13:
  version "0.9.13"
  resolved "https://registry.yarnpkg.com/jquery-jcrop/-/jquery-jcrop-0.9.13.tgz#cda8c9557fffc56540008cc7b6291a0ec4071bf5"
